PODS:
  - Haystack (0.6.7)
  - JSONModel (1.0.1)
  - KZAsserts (1.0)
  - KZBootstrap (0.5.3):
    - KZBootstrap/Core (= 0.5.3)
  - KZBootstrap/Core (0.5.3):
    - KZAsserts (~> 1.0)

DEPENDENCIES:
  - Haystack
  - JSONModel
  - KZBootstrap

SPEC CHECKSUMS:
  Haystack: f0f5329be600779b2c499f381203ac9bf35f2932
  JSONModel: 634100aaacbd89811bc8a03da209356e5989c569
  KZAsserts: 008f2f37ba7dcb4ce87bb262a7f91406812a66e5
  KZBootstrap: 353e1e3788dbbf18a173fdc20a744f3c39200b72

COCOAPODS: 0.35.0
